// !$*UTF8*$!
{
	archiveVersion = 1;
	classes = {
	};
	objectVersion = 46;
	objects = {

/* Begin PBXBuildFile section */
		DCFB622E19FBD67F00FD562D /* Foundation.framework in Frameworks */ = {isa = PBXBuildFile; fileRef = DCFB622D19FBD67F00FD562D /* Foundation.framework */; };
/* End PBXBuildFile section */

/* Begin PBXCopyFilesBuildPhase section */
		DCFB622819FBD67F00FD562D /* CopyFiles */ = {
			isa = PBXCopyFilesBuildPhase;
			buildActionMask = 2147483647;
			dstPath = "include/$(PRODUCT_NAME)";
			dstSubfolderSpec = 16;
			files = (
			);
			runOnlyForDeploymentPostprocessing = 0;
		};
/* End PBXCopyFilesBuildPhase section */

/* Begin PBXFileReference section */
		DCFB622A19FBD67F00FD562D /* libfreetype.a */ = {isa = PBXFileReference; explicitFileType = archive.ar; includeInIndex = 0; path = libfreetype.a; sourceTree = BUILT_PRODUCTS_DIR; };
		DCFB622D19FBD67F00FD562D /* Foundation.framework */ = {isa = PBXFileReference; lastKnownFileType = wrapper.framework; name = Foundation.framework; path = System/Library/Frameworks/Foundation.framework; sourceTree = SDKROOT; };
		DCFB623119FBD67F00FD562D /* freetype-Prefix.pch */ = {isa = PBXFileReference; lastKnownFileType = sourcecode.c.h; path = "freetype-Prefix.pch"; sourceTree = "<group>"; };
		DCFB623B19FBD67F00FD562D /* XCTest.framework */ = {isa = PBXFileReference; lastKnownFileType = wrapper.framework; name = XCTest.framework; path = Library/Frameworks/XCTest.framework; sourceTree = DEVELOPER_DIR; };
		DCFB623E19FBD67F00FD562D /* UIKit.framework */ = {isa = PBXFileReference; lastKnownFileType = wrapper.framework; name = UIKit.framework; path = Library/Frameworks/UIKit.framework; sourceTree = DEVELOPER_DIR; };
/* End PBXFileReference section */

/* Begin PBXFrameworksBuildPhase section */
		DCFB622719FBD67F00FD562D /* Frameworks */ = {
			isa = PBXFrameworksBuildPhase;
			buildActionMask = 2147483647;
			files = (
				DCFB622E19FBD67F00FD562D /* Foundation.framework in Frameworks */,
			);
			runOnlyForDeploymentPostprocessing = 0;
		};
/* End PBXFrameworksBuildPhase section */

/* Begin PBXGroup section */
		DCFB622119FBD67F00FD562D = {
			isa = PBXGroup;
			children = (
				DCFB622F19FBD67F00FD562D /* freetype */,
				DCFB622C19FBD67F00FD562D /* Frameworks */,
				DCFB622B19FBD67F00FD562D /* Products */,
			);
			sourceTree = "<group>";
		};
		DCFB622B19FBD67F00FD562D /* Products */ = {
			isa = PBXGroup;
			children = (
				DCFB622A19FBD67F00FD562D /* libfreetype.a */,
			);
			name = Products;
			sourceTree = "<group>";
		};
		DCFB622C19FBD67F00FD562D /* Frameworks */ = {
			isa = PBXGroup;
			children = (
				DCFB622D19FBD67F00FD562D /* Foundation.framework */,
				DCFB623B19FBD67F00FD562D /* XCTest.framework */,
				DCFB623E19FBD67F00FD562D /* UIKit.framework */,
			);
			name = Frameworks;
			sourceTree = "<group>";
		};
		DCFB622F19FBD67F00FD562D /* freetype */ = {
			isa = PBXGroup;
			children = (
				DCFB623019FBD67F00FD562D /* Supporting Files */,
			);
			path = freetype;
			sourceTree = "<group>";
		};
		DCFB623019FBD67F00FD562D /* Supporting Files */ = {
			isa = PBXGroup;
			children = (
				DCFB623119FBD67F00FD562D /* freetype-Prefix.pch */,
			);
			name = "Supporting Files";
			sourceTree = "<group>";
		};
/* End PBXGroup section */

/* Begin PBXNativeTarget section */
		DCFB622919FBD67F00FD562D /* freetype */ = {
			isa = PBXNativeTarget;
			buildConfigurationList = DCFB624D19FBD67F00FD562D /* Build configuration list for PBXNativeTarget "freetype" */;
			buildPhases = (
				DCFB622619FBD67F00FD562D /* Sources */,
				DCFB622719FBD67F00FD562D /* Frameworks */,
				DCFB622819FBD67F00FD562D /* CopyFiles */,
			);
			buildRules = (
			);
			dependencies = (
			);
			name = freetype;
			productName = freetype;
			productReference = DCFB622A19FBD67F00FD562D /* libfreetype.a */;
			productType = "com.apple.product-type.library.static";
		};
/* End PBXNativeTarget section */

/* Begin PBXProject section */
		DCFB622219FBD67F00FD562D /* Project object */ = {
			isa = PBXProject;
			attributes = {
				LastUpgradeCheck = 0510;
				ORGANIZATIONNAME = "garymabin@gmail.com";
			};
			buildConfigurationList = DCFB622519FBD67F00FD562D /* Build configuration list for PBXProject "freetype" */;
			compatibilityVersion = "Xcode 3.2";
			developmentRegion = English;
			hasScannedForEncodings = 0;
			knownRegions = (
				en,
			);
			mainGroup = DCFB622119FBD67F00FD562D;
			productRefGroup = DCFB622B19FBD67F00FD562D /* Products */;
			projectDirPath = "";
			projectRoot = "";
			targets = (
				DCFB622919FBD67F00FD562D /* freetype */,
			);
		};
/* End PBXProject section */

/* Begin PBXSourcesBuildPhase section */
		DCFB622619FBD67F00FD562D /* Sources */ = {
			isa = PBXSourcesBuildPhase;
			buildActionMask = 2147483647;
			files = (
			);
			runOnlyForDeploymentPostprocessing = 0;
		};
/* End PBXSourcesBuildPhase section */

/* Begin XCBuildConfiguration section */
		DCFB624B19FBD67F00FD562D /* Debug */ = {
			isa = XCBuildConfiguration;
			buildSettings = {
				ALWAYS_SEARCH_USER_PATHS = NO;
				CLANG_CXX_LANGUAGE_STANDARD = "gnu++0x";
				CLANG_CXX_LIBRARY = "libc++";
				CLANG_ENABLE_MODULES = YES;
				CLANG_ENABLE_OBJC_ARC = YES;
				CLANG_WARN_BOOL_CONVERSION = YES;
				CLANG_WARN_CONSTANT_CONVERSION = YES;
				CLANG_WARN_DIRECT_OBJC_ISA_USAGE = YES_ERROR;
				CLANG_WARN_EMPTY_BODY = YES;
				CLANG_WARN_ENUM_CONVERSION = YES;
				CLANG_WARN_INT_CONVERSION = YES;
				CLANG_WARN_OBJC_ROOT_CLASS = YES_ERROR;
				CLANG_WARN__DUPLICATE_METHOD_MATCH = YES;
				COPY_PHASE_STRIP = NO;
				GCC_C_LANGUAGE_STANDARD = gnu99;
				GCC_DYNAMIC_NO_PIC = NO;
				GCC_OPTIMIZATION_LEVEL = 0;
				GCC_PREPROCESSOR_DEFINITIONS = (
					"DEBUG=1",
					"$(inherited)",
				);
				GCC_SYMBOLS_PRIVATE_EXTERN = NO;
				GCC_WARN_64_TO_32_BIT_CONVERSION = YES;
				GCC_WARN_ABOUT_RETURN_TYPE = YES_ERROR;
				GCC_WARN_UNDECLARED_SELECTOR = YES;
				GCC_WARN_UNINITIALIZED_AUTOS = YES_AGGRESSIVE;
				GCC_WARN_UNUSED_FUNCTION = YES;
				GCC_WARN_UNUSED_VARIABLE = YES;
				IPHONEOS_DEPLOYMENT_TARGET = 7.1;
				ONLY_ACTIVE_ARCH = YES;
				SDKROOT = iphoneos;
			};
			name = Debug;
		};
		DCFB624C19FBD67F00FD562D /* Release */ = {
			isa = XCBuildConfiguration;
			buildSettings = {
				ALWAYS_SEARCH_USER_PATHS = NO;
				CLANG_CXX_LANGUAGE_STANDARD = "gnu++0x";
				CLANG_CXX_LIBRARY = "libc++";
				CLANG_ENABLE_MODULES = YES;
				CLANG_ENABLE_OBJC_ARC = YES;
				CLANG_WARN_BOOL_CONVERSION = YES;
				CLANG_WARN_CONSTANT_CONVERSION = YES;
				CLANG_WARN_DIRECT_OBJC_ISA_USAGE = YES_ERROR;
				CLANG_WARN_EMPTY_BODY = YES;
				CLANG_WARN_ENUM_CONVERSION = YES;
				CLANG_WARN_INT_CONVERSION = YES;
				CLANG_WARN_OBJC_ROOT_CLASS = YES_ERROR;
				CLANG_WARN__DUPLICATE_METHOD_MATCH = YES;
				COPY_PHASE_STRIP = YES;
				ENABLE_NS_ASSERTIONS = NO;
				GCC_C_LANGUAGE_STANDARD = gnu99;
				GCC_WARN_64_TO_32_BIT_CONVERSION = YES;
				GCC_WARN_ABOUT_RETURN_TYPE = YES_ERROR;
				GCC_WARN_UNDECLARED_SELECTOR = YES;
				GCC_WARN_UNINITIALIZED_AUTOS = YES_AGGRESSIVE;
				GCC_WARN_UNUSED_FUNCTION = YES;
				GCC_WARN_UNUSED_VARIABLE = YES;
				IPHONEOS_DEPLOYMENT_TARGET = 7.1;
				SDKROOT = iphoneos;
				VALIDATE_PRODUCT = YES;
			};
			name = Release;
		};
		DCFB624E19FBD67F00FD562D /* Debug */ = {
			isa = XCBuildConfiguration;
			buildSettings = {
				DSTROOT = /tmp/freetype.dst;
				GCC_PRECOMPILE_PREFIX_HEADER = YES;
				GCC_PREFIX_HEADER = "freetype/freetype-Prefix.pch";
				OTHER_LDFLAGS = "-ObjC";
				PRODUCT_NAME = "$(TARGET_NAME)";
				SKIP_INSTALL = YES;
			};
			name = Debug;
		};
		DCFB624F19FBD67F00FD562D /* Release */ = {
			isa = XCBuildConfiguration;
			buildSettings = {
				DSTROOT = /tmp/freetype.dst;
				GCC_PRECOMPILE_PREFIX_HEADER = YES;
				GCC_PREFIX_HEADER = "freetype/freetype-Prefix.pch";
				OTHER_LDFLAGS = "-ObjC";
				PRODUCT_NAME = "$(TARGET_NAME)";
				SKIP_INSTALL = YES;
			};
			name = Release;
		};
/* End XCBuildConfiguration section */

/* Begin XCConfigurationList section */
		DCFB622519FBD67F00FD562D /* Build configuration list for PBXProject "freetype" */ = {
			isa = XCConfigurationList;
			buildConfigurations = (
				DCFB624B19FBD67F00FD562D /* Debug */,
				DCFB624C19FBD67F00FD562D /* Release */,
			);
			defaultConfigurationIsVisible = 0;
			defaultConfigurationName = Release;
		};
		DCFB624D19FBD67F00FD562D /* Build configuration list for PBXNativeTarget "freetype" */ = {
			isa = XCConfigurationList;
			buildConfigurations = (
				DCFB624E19FBD67F00FD562D /* Debug */,
				DCFB624F19FBD67F00FD562D /* Release */,
			);
			defaultConfigurationIsVisible = 0;
		};
/* End XCConfigurationList section */
	};
	rootObject = DCFB622219FBD67F00FD562D /* Project object */;
}
